
Microsoft Visual Studio Solution File, Format Version 12.00
# Visual Studio Version 17
VisualStudioVersion = 17.7.34031.279
MinimumVisualStudioVersion = 10.0.40219.1
Project("{FAE04EC0-301F-11D3-BF4B-00C04F79EFBC}") = "práctica 5", "práctica 5.csproj", "{9BC9040D-1CF2-4FEB-8E4B-9302F9539BA8}"
EndProject
Global
	GlobalSection(SolutionConfigurationPlatforms) = preSolution
		Debug|Any CPU = Debug|Any CPU
		Release|Any CPU = Release|Any CPU
	EndGlobalSection
	GlobalSection(ProjectConfigurationPlatforms) = postSolution
		{9BC9040D-1CF2-4FEB-8E4B-9302F9539BA8}.Debug|Any CPU.ActiveCfg = Debug|Any CPU
		{9BC9040D-1CF2-4FEB-8E4B-9302F9539BA8}.Debug|Any CPU.Build.0 = Debug|Any CPU
		{9BC9040D-1CF2-4FEB-8E4B-9302F9539BA8}.Release|Any CPU.ActiveCfg = Release|Any CPU
		{9BC9040D-1CF2-4FEB-8E4B-9302F9539BA8}.Release|Any CPU.Build.0 = Release|Any CPU
	EndGlobalSection
	GlobalSection(SolutionProperties) = preSolution
		HideSolutionNode = FALSE
	EndGlobalSection
	GlobalSection(ExtensibilityGlobals) = postSolution
		SolutionGuid = {D939DD0A-1E7C-4D52-93DA-E381FFFD3275}
	EndGlobalSection
EndGlobal
